
Microsoft Visual Studio Solution File, Format Version 12.00
# Visual Studio 14
VisualStudioVersion = 14.0.25123.0
MinimumVisualStudioVersion = 10.0.40219.1
Project("{FAE04EC0-301F-11D3-BF4B-00C04F79EFBC}") = "AlpsOpenSource", "AlpsOpenSource\AlpsOpenSource.csproj", "{A293BCF3-D450-41DA-A855-BF87AF6CF777}"
EndProject
Project("{FAE04EC0-301F-11D3-BF4B-00C04F79EFBC}") = "Enums_Demo", "Enums_Demo\Enums_Demo.csproj", "{2722A607-6EEA-4A5D-A186-A21BCC0C59F8}"
EndProject
Project("{FAE04EC0-301F-11D3-BF4B-00C04F79EFBC}") = "Structs_Demo", "Structs_Demo\Structs_Demo.csproj", "{A6465AB4-FBD7-47D5-A2E7-0575132C7336}"
EndProject
Project("{FAE04EC0-301F-11D3-BF4B-00C04F79EFBC}") = "BasicTypes_Demo", "BasicTypes_Demo\BasicTypes_Demo.csproj", "{C1606E6D-ADF0-40CB-BC6F-B9BDED1F2FCE}"
EndProject
Project("{FAE04EC0-301F-11D3-BF4B-00C04F79EFBC}") = "BasicTypesChallenge_Answers_paul", "BasicTypesChallenge_Answers_paul\BasicTypesChallenge_Answers_paul.csproj", "{E89A00F9-38EF-489C-8ABA-41582333ABF4}"
EndProject
Project("{FAE04EC0-301F-11D3-BF4B-00C04F79EFBC}") = "Class_Basic_paul", "Class_Basic_paul\Class_Basic_paul.csproj", "{44EE9E23-0E13-4BDF-86FF-434C662DC722}"
EndProject
Project("{FAE04EC0-301F-11D3-BF4B-00C04F79EFBC}") = "Functions_Demo_paul", "Functions_Demo_paul\Functions_Demo_paul.csproj", "{930ED7E3-2D38-44F7-B5D7-87F288013BE9}"
EndProject
Project("{FAE04EC0-301F-11D3-BF4B-00C04F79EFBC}") = "ClassesConsstructor_Demo_paul", "ClassesConsstructor_Demo_paul\ClassesConsstructor_Demo_paul.csproj", "{195B6579-E21E-4633-A091-91776F78D128}"
EndProject
Project("{FAE04EC0-301F-11D3-BF4B-00C04F79EFBC}") = "StructChallenge", "StructChallenge\StructChallenge.csproj", "{02374102-9A33-4761-A047-CEA4E5DB66D2}"
EndProject
Project("{FAE04EC0-301F-11D3-BF4B-00C04F79EFBC}") = "StringChallenges", "StringChallenges\StringChallenges.csproj", "{22C4DE71-A7BF-4DA1-8F84-DEAD53150B0C}"
EndProject
Project("{FAE04EC0-301F-11D3-BF4B-00C04F79EFBC}") = "Loopsforeach", "loopsforeach\Loopsforeach.csproj", "{179A5BB8-3EFB-454E-B2DD-3103F8741B6B}"
EndProject
Project("{FAE04EC0-301F-11D3-BF4B-00C04F79EFBC}") = "ClassesOverloading", "ClassesOverloading\ClassesOverloading.csproj", "{689F1FFD-E331-48CD-ACDD-B3AA020AA7B1}"
EndProject
Project("{FAE04EC0-301F-11D3-BF4B-00C04F79EFBC}") = "BooleanChallenges", "BooleanChallenges\BooleanChallenges.csproj", "{2BCBB473-860A-46B0-9EEA-2E09D55D16D6}"
EndProject
Project("{FAE04EC0-301F-11D3-BF4B-00C04F79EFBC}") = "ClassBasicClassNetflixChallenge", "ClassBasicClass\ClassBasicClassNetflixChallenge.csproj", "{55637D5F-9E15-4F89-92FC-C38A27295C45}"
EndProject
Project("{FAE04EC0-301F-11D3-BF4B-00C04F79EFBC}") = "ClassesConstructorChallenge", "ClassesConstructorChallenge\ClassesConstructorChallenge.csproj", "{113DA2E9-3518-47D9-A506-AA7FFCFC400B}"
EndProject
Project("{FAE04EC0-301F-11D3-BF4B-00C04F79EFBC}") = "ClassesEncapsulationAccessModifiers", "ClassesEncapsulationAccessModifiers\ClassesEncapsulationAccessModifiers.csproj", "{77FDC059-C8F1-44FF-9F02-DC94CE9E63BF}"
EndProject
Project("{FAE04EC0-301F-11D3-BF4B-00C04F79EFBC}") = "ClassesArraysOfObjectsDemoCountries", "ClassesConstructorDemoCountries\ClassesArraysOfObjectsDemoCountries.csproj", "{84495C2E-DC47-4FC7-838A-2D50340B9DA8}"
EndProject
Project("{FAE04EC0-301F-11D3-BF4B-00C04F79EFBC}") = "ClassesGettersAndSettersExceptions", "ClassesGettersAndSettersExceptions\ClassesGettersAndSettersExceptions.csproj", "{A2BA7446-F3C0-4EA6-9609-51BD5B36E1F8}"
EndProject
Project("{FAE04EC0-301F-11D3-BF4B-00C04F79EFBC}") = "CollectionChallenges", "CollectionChallenges\CollectionChallenges.csproj", "{A2896F74-704D-41A5-B4B4-DB929359DC65}"
EndProject
Project("{FAE04EC0-301F-11D3-BF4B-00C04F79EFBC}") = "CollectionsArraysIndy500", "CollectionsArraysIndy500\CollectionsArraysIndy500.csproj", "{3AD549EA-0490-4FB0-9254-7C73CD5678EA}"
EndProject
Project("{FAE04EC0-301F-11D3-BF4B-00C04F79EFBC}") = "CollectionsDictionaries", "CollectionsDictionaries\CollectionsDictionaries.csproj", "{1E02FE9C-CE3B-4B5C-AFED-1894450986CF}"
EndProject
Project("{FAE04EC0-301F-11D3-BF4B-00C04F79EFBC}") = "CollectionsListChallenge", "CollectionsListChallenge\CollectionsListChallenge.csproj", "{9A43CF71-7F82-4337-8913-15B22314CA7E}"
EndProject
Project("{FAE04EC0-301F-11D3-BF4B-00C04F79EFBC}") = "CollectionsListDemo", "CollectionsListDemo\CollectionsListDemo.csproj", "{95796A23-55F9-4FB6-AD9A-BC6C85E2239D}"
EndProject
Project("{FAE04EC0-301F-11D3-BF4B-00C04F79EFBC}") = "Conditionals", "Conditionals\Conditionals.csproj", "{61265472-4342-4110-AD50-750F150931AB}"
EndProject
Project("{FAE04EC0-301F-11D3-BF4B-00C04F79EFBC}") = "DateTimeExercises", "DateTime\DateTimeExercises.csproj", "{317CAEB7-3A49-4326-A778-F64722B51736}"
EndProject
Project("{FAE04EC0-301F-11D3-BF4B-00C04F79EFBC}") = "Interfaces_Demo_Part1", "Interfaces_Demo\Interfaces_Demo_Part1.csproj", "{F6A83793-7664-45B8-AFD9-A07595C10E82}"
EndProject
Project("{FAE04EC0-301F-11D3-BF4B-00C04F79EFBC}") = "IntegerChallenges_Answers", "IntegerChallenges\IntegerChallenges_Answers.csproj", "{82C5A201-559D-4396-ABE7-9673DFC73621}"
EndProject
Project("{FAE04EC0-301F-11D3-BF4B-00C04F79EFBC}") = "Collections_Dictionary_Demo_paul", "Collections_Dictionary_Demo_paul\Collections_Dictionary_Demo_paul.csproj", "{8C5A1AFA-1B6A-47E4-AF4A-F0817F9430F8}"
EndProject
Project("{FAE04EC0-301F-11D3-BF4B-00C04F79EFBC}") = "StructsVersusClasses_Demo_paul", "StructsVersusClasses\StructsVersusClasses_Demo_paul.csproj", "{C339E0AA-0A0E-44E7-9A57-5FDF468025F9}"
EndProject
Project("{FAE04EC0-301F-11D3-BF4B-00C04F79EFBC}") = "Types_Nullable_Demo", "Types_Nullable_Demo\Types_Nullable_Demo.csproj", "{EFB7350E-306F-4D05-A937-7705429C7F5C}"
EndProject
Project("{FAE04EC0-301F-11D3-BF4B-00C04F79EFBC}") = "Null_CoalescingOperator_Demo", "Null_CoalescingOperator_Demo\Null_CoalescingOperator_Demo.csproj", "{91CDA551-9A48-46C8-82E2-769A8DD1A871}"
EndProject
Project("{FAE04EC0-301F-11D3-BF4B-00C04F79EFBC}") = "Types_Conversion", "Types_Conversion\Types_Conversion.csproj", "{17823668-3936-45AC-9E48-79350CD282DA}"
EndProject
Project("{FAE04EC0-301F-11D3-BF4B-00C04F79EFBC}") = "Collections_ArraysDemo_paul", "Collections_ArraysDemo_paul\Collections_ArraysDemo_paul.csproj", "{E72BB315-5AD4-490F-BB8D-671E9D33097C}"
EndProject
Project("{FAE04EC0-301F-11D3-BF4B-00C04F79EFBC}") = "KeyboardShortcuts_Chords", "KeyboardShortcuts_Chords\KeyboardShortcuts_Chords.csproj", "{3347EF5A-BE5D-491D-942F-4128C263EECC}"
EndProject
Project("{FAE04EC0-301F-11D3-BF4B-00C04F79EFBC}") = "Classes_Polymorphism", "Classes_Polymorphism\Classes_Polymorphism.csproj", "{8892E3FA-0D14-4DB1-8A85-2B0C16808B07}"
EndProject
Project("{FAE04EC0-301F-11D3-BF4B-00C04F79EFBC}") = "BasicTypes", "BasicTypes\BasicTypes.csproj", "{8CE32C23-7DFB-4D1B-865F-67CAC9219E40}"
EndProject
Project("{FAE04EC0-301F-11D3-BF4B-00C04F79EFBC}") = "ClassBasicClassDemo", "ClassBasicClassDemo\ClassBasicClassDemo.csproj", "{3CDE5096-4A45-4D7F-BE7F-5FEA78AC20E9}"
EndProject
Project("{FAE04EC0-301F-11D3-BF4B-00C04F79EFBC}") = "Interfaces_Demo_Part2", "Interfaces_Demo_Part2\Interfaces_Demo_Part2.csproj", "{3F3C3AEA-1C0D-4AA8-9FC9-9B89B5613EFF}"
EndProject
Project("{FAE04EC0-301F-11D3-BF4B-00C04F79EFBC}") = "Interfaces_IEnumerable_Demo", "Interfaces_IEnumerable_Demo\Interfaces_IEnumerable_Demo.csproj", "{A109197D-D378-48AF-BF3D-3C3F59393C1C}"
EndProject
Global
	GlobalSection(SolutionConfigurationPlatforms) = preSolution
		Debug|Any CPU = Debug|Any CPU
		Release|Any CPU = Release|Any CPU
	EndGlobalSection
	GlobalSection(ProjectConfigurationPlatforms) = postSolution
		{A293BCF3-D450-41DA-A855-BF87AF6CF777}.Debug|Any CPU.ActiveCfg = Debug|Any CPU
		{A293BCF3-D450-41DA-A855-BF87AF6CF777}.Debug|Any CPU.Build.0 = Debug|Any CPU
		{A293BCF3-D450-41DA-A855-BF87AF6CF777}.Release|Any CPU.ActiveCfg = Release|Any CPU
		{A293BCF3-D450-41DA-A855-BF87AF6CF777}.Release|Any CPU.Build.0 = Release|Any CPU
		{2722A607-6EEA-4A5D-A186-A21BCC0C59F8}.Debug|Any CPU.ActiveCfg = Debug|Any CPU
		{2722A607-6EEA-4A5D-A186-A21BCC0C59F8}.Debug|Any CPU.Build.0 = Debug|Any CPU
		{2722A607-6EEA-4A5D-A186-A21BCC0C59F8}.Release|Any CPU.ActiveCfg = Release|Any CPU
		{2722A607-6EEA-4A5D-A186-A21BCC0C59F8}.Release|Any CPU.Build.0 = Release|Any CPU
		{A6465AB4-FBD7-47D5-A2E7-0575132C7336}.Debug|Any CPU.ActiveCfg = Debug|Any CPU
		{A6465AB4-FBD7-47D5-A2E7-0575132C7336}.Debug|Any CPU.Build.0 = Debug|Any CPU
		{A6465AB4-FBD7-47D5-A2E7-0575132C7336}.Release|Any CPU.ActiveCfg = Release|Any CPU
		{A6465AB4-FBD7-47D5-A2E7-0575132C7336}.Release|Any CPU.Build.0 = Release|Any CPU
		{C1606E6D-ADF0-40CB-BC6F-B9BDED1F2FCE}.Debug|Any CPU.ActiveCfg = Debug|Any CPU
		{C1606E6D-ADF0-40CB-BC6F-B9BDED1F2FCE}.Debug|Any CPU.Build.0 = Debug|Any CPU
		{C1606E6D-ADF0-40CB-BC6F-B9BDED1F2FCE}.Release|Any CPU.ActiveCfg = Release|Any CPU
		{C1606E6D-ADF0-40CB-BC6F-B9BDED1F2FCE}.Release|Any CPU.Build.0 = Release|Any CPU
		{E89A00F9-38EF-489C-8ABA-41582333ABF4}.Debug|Any CPU.ActiveCfg = Debug|Any CPU
		{E89A00F9-38EF-489C-8ABA-41582333ABF4}.Debug|Any CPU.Build.0 = Debug|Any CPU
		{E89A00F9-38EF-489C-8ABA-41582333ABF4}.Release|Any CPU.ActiveCfg = Release|Any CPU
		{E89A00F9-38EF-489C-8ABA-41582333ABF4}.Release|Any CPU.Build.0 = Release|Any CPU
		{44EE9E23-0E13-4BDF-86FF-434C662DC722}.Debug|Any CPU.ActiveCfg = Debug|Any CPU
		{44EE9E23-0E13-4BDF-86FF-434C662DC722}.Debug|Any CPU.Build.0 = Debug|Any CPU
		{44EE9E23-0E13-4BDF-86FF-434C662DC722}.Release|Any CPU.ActiveCfg = Release|Any CPU
		{44EE9E23-0E13-4BDF-86FF-434C662DC722}.Release|Any CPU.Build.0 = Release|Any CPU
		{930ED7E3-2D38-44F7-B5D7-87F288013BE9}.Debug|Any CPU.ActiveCfg = Debug|Any CPU
		{930ED7E3-2D38-44F7-B5D7-87F288013BE9}.Debug|Any CPU.Build.0 = Debug|Any CPU
		{930ED7E3-2D38-44F7-B5D7-87F288013BE9}.Release|Any CPU.ActiveCfg = Release|Any CPU
		{930ED7E3-2D38-44F7-B5D7-87F288013BE9}.Release|Any CPU.Build.0 = Release|Any CPU
		{195B6579-E21E-4633-A091-91776F78D128}.Debug|Any CPU.ActiveCfg = Debug|Any CPU
		{195B6579-E21E-4633-A091-91776F78D128}.Debug|Any CPU.Build.0 = Debug|Any CPU
		{195B6579-E21E-4633-A091-91776F78D128}.Release|Any CPU.ActiveCfg = Release|Any CPU
		{195B6579-E21E-4633-A091-91776F78D128}.Release|Any CPU.Build.0 = Release|Any CPU
		{02374102-9A33-4761-A047-CEA4E5DB66D2}.Debug|Any CPU.ActiveCfg = Debug|Any CPU
		{02374102-9A33-4761-A047-CEA4E5DB66D2}.Debug|Any CPU.Build.0 = Debug|Any CPU
		{02374102-9A33-4761-A047-CEA4E5DB66D2}.Release|Any CPU.ActiveCfg = Release|Any CPU
		{02374102-9A33-4761-A047-CEA4E5DB66D2}.Release|Any CPU.Build.0 = Release|Any CPU
		{22C4DE71-A7BF-4DA1-8F84-DEAD53150B0C}.Debug|Any CPU.ActiveCfg = Debug|Any CPU
		{22C4DE71-A7BF-4DA1-8F84-DEAD53150B0C}.Debug|Any CPU.Build.0 = Debug|Any CPU
		{22C4DE71-A7BF-4DA1-8F84-DEAD53150B0C}.Release|Any CPU.ActiveCfg = Release|Any CPU
		{22C4DE71-A7BF-4DA1-8F84-DEAD53150B0C}.Release|Any CPU.Build.0 = Release|Any CPU
		{179A5BB8-3EFB-454E-B2DD-3103F8741B6B}.Debug|Any CPU.ActiveCfg = Debug|Any CPU
		{179A5BB8-3EFB-454E-B2DD-3103F8741B6B}.Debug|Any CPU.Build.0 = Debug|Any CPU
		{179A5BB8-3EFB-454E-B2DD-3103F8741B6B}.Release|Any CPU.ActiveCfg = Release|Any CPU
		{179A5BB8-3EFB-454E-B2DD-3103F8741B6B}.Release|Any CPU.Build.0 = Release|Any CPU
		{689F1FFD-E331-48CD-ACDD-B3AA020AA7B1}.Debug|Any CPU.ActiveCfg = Debug|Any CPU
		{689F1FFD-E331-48CD-ACDD-B3AA020AA7B1}.Debug|Any CPU.Build.0 = Debug|Any CPU
		{689F1FFD-E331-48CD-ACDD-B3AA020AA7B1}.Release|Any CPU.ActiveCfg = Release|Any CPU
		{689F1FFD-E331-48CD-ACDD-B3AA020AA7B1}.Release|Any CPU.Build.0 = Release|Any CPU
		{2BCBB473-860A-46B0-9EEA-2E09D55D16D6}.Debug|Any CPU.ActiveCfg = Debug|Any CPU
		{2BCBB473-860A-46B0-9EEA-2E09D55D16D6}.Debug|Any CPU.Build.0 = Debug|Any CPU
		{2BCBB473-860A-46B0-9EEA-2E09D55D16D6}.Release|Any CPU.ActiveCfg = Release|Any CPU
		{2BCBB473-860A-46B0-9EEA-2E09D55D16D6}.Release|Any CPU.Build.0 = Release|Any CPU
		{55637D5F-9E15-4F89-92FC-C38A27295C45}.Debug|Any CPU.ActiveCfg = Debug|Any CPU
		{55637D5F-9E15-4F89-92FC-C38A27295C45}.Debug|Any CPU.Build.0 = Debug|Any CPU
		{55637D5F-9E15-4F89-92FC-C38A27295C45}.Release|Any CPU.ActiveCfg = Release|Any CPU
		{55637D5F-9E15-4F89-92FC-C38A27295C45}.Release|Any CPU.Build.0 = Release|Any CPU
		{113DA2E9-3518-47D9-A506-AA7FFCFC400B}.Debug|Any CPU.ActiveCfg = Debug|Any CPU
		{113DA2E9-3518-47D9-A506-AA7FFCFC400B}.Debug|Any CPU.Build.0 = Debug|Any CPU
		{113DA2E9-3518-47D9-A506-AA7FFCFC400B}.Release|Any CPU.ActiveCfg = Release|Any CPU
		{113DA2E9-3518-47D9-A506-AA7FFCFC400B}.Release|Any CPU.Build.0 = Release|Any CPU
		{77FDC059-C8F1-44FF-9F02-DC94CE9E63BF}.Debug|Any CPU.ActiveCfg = Debug|Any CPU
		{77FDC059-C8F1-44FF-9F02-DC94CE9E63BF}.Debug|Any CPU.Build.0 = Debug|Any CPU
		{77FDC059-C8F1-44FF-9F02-DC94CE9E63BF}.Release|Any CPU.ActiveCfg = Release|Any CPU
		{77FDC059-C8F1-44FF-9F02-DC94CE9E63BF}.Release|Any CPU.Build.0 = Release|Any CPU
		{84495C2E-DC47-4FC7-838A-2D50340B9DA8}.Debug|Any CPU.ActiveCfg = Debug|Any CPU
		{84495C2E-DC47-4FC7-838A-2D50340B9DA8}.Debug|Any CPU.Build.0 = Debug|Any CPU
		{84495C2E-DC47-4FC7-838A-2D50340B9DA8}.Release|Any CPU.ActiveCfg = Release|Any CPU
		{84495C2E-DC47-4FC7-838A-2D50340B9DA8}.Release|Any CPU.Build.0 = Release|Any CPU
		{A2BA7446-F3C0-4EA6-9609-51BD5B36E1F8}.Debug|Any CPU.ActiveCfg = Debug|Any CPU
		{A2BA7446-F3C0-4EA6-9609-51BD5B36E1F8}.Debug|Any CPU.Build.0 = Debug|Any CPU
		{A2BA7446-F3C0-4EA6-9609-51BD5B36E1F8}.Release|Any CPU.ActiveCfg = Release|Any CPU
		{A2BA7446-F3C0-4EA6-9609-51BD5B36E1F8}.Release|Any CPU.Build.0 = Release|Any CPU
		{A2896F74-704D-41A5-B4B4-DB929359DC65}.Debug|Any CPU.ActiveCfg = Debug|Any CPU
		{A2896F74-704D-41A5-B4B4-DB929359DC65}.Debug|Any CPU.Build.0 = Debug|Any CPU
		{A2896F74-704D-41A5-B4B4-DB929359DC65}.Release|Any CPU.ActiveCfg = Release|Any CPU
		{A2896F74-704D-41A5-B4B4-DB929359DC65}.Release|Any CPU.Build.0 = Release|Any CPU
		{3AD549EA-0490-4FB0-9254-7C73CD5678EA}.Debug|Any CPU.ActiveCfg = Debug|Any CPU
		{3AD549EA-0490-4FB0-9254-7C73CD5678EA}.Debug|Any CPU.Build.0 = Debug|Any CPU
		{3AD549EA-0490-4FB0-9254-7C73CD5678EA}.Release|Any CPU.ActiveCfg = Release|Any CPU
		{3AD549EA-0490-4FB0-9254-7C73CD5678EA}.Release|Any CPU.Build.0 = Release|Any CPU
		{1E02FE9C-CE3B-4B5C-AFED-1894450986CF}.Debug|Any CPU.ActiveCfg = Debug|Any CPU
		{1E02FE9C-CE3B-4B5C-AFED-1894450986CF}.Debug|Any CPU.Build.0 = Debug|Any CPU
		{1E02FE9C-CE3B-4B5C-AFED-1894450986CF}.Release|Any CPU.ActiveCfg = Release|Any CPU
		{1E02FE9C-CE3B-4B5C-AFED-1894450986CF}.Release|Any CPU.Build.0 = Release|Any CPU
		{9A43CF71-7F82-4337-8913-15B22314CA7E}.Debug|Any CPU.ActiveCfg = Debug|Any CPU
		{9A43CF71-7F82-4337-8913-15B22314CA7E}.Debug|Any CPU.Build.0 = Debug|Any CPU
		{9A43CF71-7F82-4337-8913-15B22314CA7E}.Release|Any CPU.ActiveCfg = Release|Any CPU
		{9A43CF71-7F82-4337-8913-15B22314CA7E}.Release|Any CPU.Build.0 = Release|Any CPU
		{95796A23-55F9-4FB6-AD9A-BC6C85E2239D}.Debug|Any CPU.ActiveCfg = Debug|Any CPU
		{95796A23-55F9-4FB6-AD9A-BC6C85E2239D}.Debug|Any CPU.Build.0 = Debug|Any CPU
		{95796A23-55F9-4FB6-AD9A-BC6C85E2239D}.Release|Any CPU.ActiveCfg = Release|Any CPU
		{95796A23-55F9-4FB6-AD9A-BC6C85E2239D}.Release|Any CPU.Build.0 = Release|Any CPU
		{61265472-4342-4110-AD50-750F150931AB}.Debug|Any CPU.ActiveCfg = Debug|Any CPU
		{61265472-4342-4110-AD50-750F150931AB}.Debug|Any CPU.Build.0 = Debug|Any CPU
		{61265472-4342-4110-AD50-750F150931AB}.Release|Any CPU.ActiveCfg = Release|Any CPU
		{61265472-4342-4110-AD50-750F150931AB}.Release|Any CPU.Build.0 = Release|Any CPU
		{317CAEB7-3A49-4326-A778-F64722B51736}.Debug|Any CPU.ActiveCfg = Debug|Any CPU
		{317CAEB7-3A49-4326-A778-F64722B51736}.Debug|Any CPU.Build.0 = Debug|Any CPU
		{317CAEB7-3A49-4326-A778-F64722B51736}.Release|Any CPU.ActiveCfg = Release|Any CPU
		{317CAEB7-3A49-4326-A778-F64722B51736}.Release|Any CPU.Build.0 = Release|Any CPU
		{F6A83793-7664-45B8-AFD9-A07595C10E82}.Debug|Any CPU.ActiveCfg = Debug|Any CPU
		{F6A83793-7664-45B8-AFD9-A07595C10E82}.Debug|Any CPU.Build.0 = Debug|Any CPU
		{F6A83793-7664-45B8-AFD9-A07595C10E82}.Release|Any CPU.ActiveCfg = Release|Any CPU
		{F6A83793-7664-45B8-AFD9-A07595C10E82}.Release|Any CPU.Build.0 = Release|Any CPU
		{82C5A201-559D-4396-ABE7-9673DFC73621}.Debug|Any CPU.ActiveCfg = Debug|Any CPU
		{82C5A201-559D-4396-ABE7-9673DFC73621}.Debug|Any CPU.Build.0 = Debug|Any CPU
		{82C5A201-559D-4396-ABE7-9673DFC73621}.Release|Any CPU.ActiveCfg = Release|Any CPU
		{82C5A201-559D-4396-ABE7-9673DFC73621}.Release|Any CPU.Build.0 = Release|Any CPU
		{8C5A1AFA-1B6A-47E4-AF4A-F0817F9430F8}.Debug|Any CPU.ActiveCfg = Debug|Any CPU
		{8C5A1AFA-1B6A-47E4-AF4A-F0817F9430F8}.Debug|Any CPU.Build.0 = Debug|Any CPU
		{8C5A1AFA-1B6A-47E4-AF4A-F0817F9430F8}.Release|Any CPU.ActiveCfg = Release|Any CPU
		{8C5A1AFA-1B6A-47E4-AF4A-F0817F9430F8}.Release|Any CPU.Build.0 = Release|Any CPU
		{C339E0AA-0A0E-44E7-9A57-5FDF468025F9}.Debug|Any CPU.ActiveCfg = Debug|Any CPU
		{C339E0AA-0A0E-44E7-9A57-5FDF468025F9}.Debug|Any CPU.Build.0 = Debug|Any CPU
		{C339E0AA-0A0E-44E7-9A57-5FDF468025F9}.Release|Any CPU.ActiveCfg = Release|Any CPU
		{C339E0AA-0A0E-44E7-9A57-5FDF468025F9}.Release|Any CPU.Build.0 = Release|Any CPU
		{EFB7350E-306F-4D05-A937-7705429C7F5C}.Debug|Any CPU.ActiveCfg = Debug|Any CPU
		{EFB7350E-306F-4D05-A937-7705429C7F5C}.Debug|Any CPU.Build.0 = Debug|Any CPU
		{EFB7350E-306F-4D05-A937-7705429C7F5C}.Release|Any CPU.ActiveCfg = Release|Any CPU
		{EFB7350E-306F-4D05-A937-7705429C7F5C}.Release|Any CPU.Build.0 = Release|Any CPU
		{91CDA551-9A48-46C8-82E2-769A8DD1A871}.Debug|Any CPU.ActiveCfg = Debug|Any CPU
		{91CDA551-9A48-46C8-82E2-769A8DD1A871}.Debug|Any CPU.Build.0 = Debug|Any CPU
		{91CDA551-9A48-46C8-82E2-769A8DD1A871}.Release|Any CPU.ActiveCfg = Release|Any CPU
		{91CDA551-9A48-46C8-82E2-769A8DD1A871}.Release|Any CPU.Build.0 = Release|Any CPU
		{17823668-3936-45AC-9E48-79350CD282DA}.Debug|Any CPU.ActiveCfg = Debug|Any CPU
		{17823668-3936-45AC-9E48-79350CD282DA}.Debug|Any CPU.Build.0 = Debug|Any CPU
		{17823668-3936-45AC-9E48-79350CD282DA}.Release|Any CPU.ActiveCfg = Release|Any CPU
		{17823668-3936-45AC-9E48-79350CD282DA}.Release|Any CPU.Build.0 = Release|Any CPU
		{E72BB315-5AD4-490F-BB8D-671E9D33097C}.Debug|Any CPU.ActiveCfg = Debug|Any CPU
		{E72BB315-5AD4-490F-BB8D-671E9D33097C}.Debug|Any CPU.Build.0 = Debug|Any CPU
		{E72BB315-5AD4-490F-BB8D-671E9D33097C}.Release|Any CPU.ActiveCfg = Release|Any CPU
		{E72BB315-5AD4-490F-BB8D-671E9D33097C}.Release|Any CPU.Build.0 = Release|Any CPU
		{3347EF5A-BE5D-491D-942F-4128C263EECC}.Debug|Any CPU.ActiveCfg = Debug|Any CPU
		{3347EF5A-BE5D-491D-942F-4128C263EECC}.Debug|Any CPU.Build.0 = Debug|Any CPU
		{3347EF5A-BE5D-491D-942F-4128C263EECC}.Release|Any CPU.ActiveCfg = Release|Any CPU
		{3347EF5A-BE5D-491D-942F-4128C263EECC}.Release|Any CPU.Build.0 = Release|Any CPU
		{8892E3FA-0D14-4DB1-8A85-2B0C16808B07}.Debug|Any CPU.ActiveCfg = Debug|Any CPU
		{8892E3FA-0D14-4DB1-8A85-2B0C16808B07}.Debug|Any CPU.Build.0 = Debug|Any CPU
		{8892E3FA-0D14-4DB1-8A85-2B0C16808B07}.Release|Any CPU.ActiveCfg = Release|Any CPU
		{8892E3FA-0D14-4DB1-8A85-2B0C16808B07}.Release|Any CPU.Build.0 = Release|Any CPU
		{8CE32C23-7DFB-4D1B-865F-67CAC9219E40}.Debug|Any CPU.ActiveCfg = Debug|Any CPU
		{8CE32C23-7DFB-4D1B-865F-67CAC9219E40}.Debug|Any CPU.Build.0 = Debug|Any CPU
		{8CE32C23-7DFB-4D1B-865F-67CAC9219E40}.Release|Any CPU.ActiveCfg = Release|Any CPU
		{8CE32C23-7DFB-4D1B-865F-67CAC9219E40}.Release|Any CPU.Build.0 = Release|Any CPU
		{3CDE5096-4A45-4D7F-BE7F-5FEA78AC20E9}.Debug|Any CPU.ActiveCfg = Debug|Any CPU
		{3CDE5096-4A45-4D7F-BE7F-5FEA78AC20E9}.Debug|Any CPU.Build.0 = Debug|Any CPU
		{3CDE5096-4A45-4D7F-BE7F-5FEA78AC20E9}.Release|Any CPU.ActiveCfg = Release|Any CPU
		{3CDE5096-4A45-4D7F-BE7F-5FEA78AC20E9}.Release|Any CPU.Build.0 = Release|Any CPU
		{3F3C3AEA-1C0D-4AA8-9FC9-9B89B5613EFF}.Debug|Any CPU.ActiveCfg = Debug|Any CPU
		{3F3C3AEA-1C0D-4AA8-9FC9-9B89B5613EFF}.Debug|Any CPU.Build.0 = Debug|Any CPU
		{3F3C3AEA-1C0D-4AA8-9FC9-9B89B5613EFF}.Release|Any CPU.ActiveCfg = Release|Any CPU
		{3F3C3AEA-1C0D-4AA8-9FC9-9B89B5613EFF}.Release|Any CPU.Build.0 = Release|Any CPU
		{A109197D-D378-48AF-BF3D-3C3F59393C1C}.Debug|Any CPU.ActiveCfg = Debug|Any CPU
		{A109197D-D378-48AF-BF3D-3C3F59393C1C}.Debug|Any CPU.Build.0 = Debug|Any CPU
		{A109197D-D378-48AF-BF3D-3C3F59393C1C}.Release|Any CPU.ActiveCfg = Release|Any CPU
		{A109197D-D378-48AF-BF3D-3C3F59393C1C}.Release|Any CPU.Build.0 = Release|Any CPU
	EndGlobalSection
	GlobalSection(SolutionProperties) = preSolution
		HideSolutionNode = FALSE
	EndGlobalSection
EndGlobal
