
Microsoft Visual Studio Solution File, Format Version 12.00
# Visual Studio 14
VisualStudioVersion = 14.0.25123.0
MinimumVisualStudioVersion = 10.0.40219.1
Project("{FAE04EC0-301F-11D3-BF4B-00C04F79EFBC}") = "AlpsOpenSource", "AlpsOpenSource\AlpsOpenSource.csproj", "{A293BCF3-D450-41DA-A855-BF87AF6CF777}"
EndProject
Project("{FAE04EC0-301F-11D3-BF4B-00C04F79EFBC}") = "Enums_Demo", "Enums_Demo\Enums_Demo.csproj", "{2722A607-6EEA-4A5D-A186-A21BCC0C59F8}"
EndProject
Project("{FAE04EC0-301F-11D3-BF4B-00C04F79EFBC}") = "Structs_Demo", "Structs_Demo\Structs_Demo.csproj", "{A6465AB4-FBD7-47D5-A2E7-0575132C7336}"
EndProject
Project("{FAE04EC0-301F-11D3-BF4B-00C04F79EFBC}") = "BasicTypes_Demo", "BasicTypes_Demo\BasicTypes_Demo.csproj", "{C1606E6D-ADF0-40CB-BC6F-B9BDED1F2FCE}"
EndProject
Project("{FAE04EC0-301F-11D3-BF4B-00C04F79EFBC}") = "BasicTypesChallenge_Answers_paul", "BasicTypesChallenge_Answers_paul\BasicTypesChallenge_Answers_paul.csproj", "{E89A00F9-38EF-489C-8ABA-41582333ABF4}"
EndProject
Project("{FAE04EC0-301F-11D3-BF4B-00C04F79EFBC}") = "Class_Basic_paul", "Class_Basic_paul\Class_Basic_paul.csproj", "{44EE9E23-0E13-4BDF-86FF-434C662DC722}"
EndProject
Project("{FAE04EC0-301F-11D3-BF4B-00C04F79EFBC}") = "Functions_Demo_paul", "Functions_Demo_paul\Functions_Demo_paul.csproj", "{930ED7E3-2D38-44F7-B5D7-87F288013BE9}"
EndProject
Global
	GlobalSection(SolutionConfigurationPlatforms) = preSolution
		Debug|Any CPU = Debug|Any CPU
		Release|Any CPU = Release|Any CPU
	EndGlobalSection
	GlobalSection(ProjectConfigurationPlatforms) = postSolution
		{A293BCF3-D450-41DA-A855-BF87AF6CF777}.Debug|Any CPU.ActiveCfg = Debug|Any CPU
		{A293BCF3-D450-41DA-A855-BF87AF6CF777}.Debug|Any CPU.Build.0 = Debug|Any CPU
		{A293BCF3-D450-41DA-A855-BF87AF6CF777}.Release|Any CPU.ActiveCfg = Release|Any CPU
		{A293BCF3-D450-41DA-A855-BF87AF6CF777}.Release|Any CPU.Build.0 = Release|Any CPU
		{2722A607-6EEA-4A5D-A186-A21BCC0C59F8}.Debug|Any CPU.ActiveCfg = Debug|Any CPU
		{2722A607-6EEA-4A5D-A186-A21BCC0C59F8}.Debug|Any CPU.Build.0 = Debug|Any CPU
		{2722A607-6EEA-4A5D-A186-A21BCC0C59F8}.Release|Any CPU.ActiveCfg = Release|Any CPU
		{2722A607-6EEA-4A5D-A186-A21BCC0C59F8}.Release|Any CPU.Build.0 = Release|Any CPU
		{A6465AB4-FBD7-47D5-A2E7-0575132C7336}.Debug|Any CPU.ActiveCfg = Debug|Any CPU
		{A6465AB4-FBD7-47D5-A2E7-0575132C7336}.Debug|Any CPU.Build.0 = Debug|Any CPU
		{A6465AB4-FBD7-47D5-A2E7-0575132C7336}.Release|Any CPU.ActiveCfg = Release|Any CPU
		{A6465AB4-FBD7-47D5-A2E7-0575132C7336}.Release|Any CPU.Build.0 = Release|Any CPU
		{C1606E6D-ADF0-40CB-BC6F-B9BDED1F2FCE}.Debug|Any CPU.ActiveCfg = Debug|Any CPU
		{C1606E6D-ADF0-40CB-BC6F-B9BDED1F2FCE}.Debug|Any CPU.Build.0 = Debug|Any CPU
		{C1606E6D-ADF0-40CB-BC6F-B9BDED1F2FCE}.Release|Any CPU.ActiveCfg = Release|Any CPU
		{C1606E6D-ADF0-40CB-BC6F-B9BDED1F2FCE}.Release|Any CPU.Build.0 = Release|Any CPU
		{E89A00F9-38EF-489C-8ABA-41582333ABF4}.Debug|Any CPU.ActiveCfg = Debug|Any CPU
		{E89A00F9-38EF-489C-8ABA-41582333ABF4}.Debug|Any CPU.Build.0 = Debug|Any CPU
		{E89A00F9-38EF-489C-8ABA-41582333ABF4}.Release|Any CPU.ActiveCfg = Release|Any CPU
		{E89A00F9-38EF-489C-8ABA-41582333ABF4}.Release|Any CPU.Build.0 = Release|Any CPU
		{44EE9E23-0E13-4BDF-86FF-434C662DC722}.Debug|Any CPU.ActiveCfg = Debug|Any CPU
		{44EE9E23-0E13-4BDF-86FF-434C662DC722}.Debug|Any CPU.Build.0 = Debug|Any CPU
		{44EE9E23-0E13-4BDF-86FF-434C662DC722}.Release|Any CPU.ActiveCfg = Release|Any CPU
		{44EE9E23-0E13-4BDF-86FF-434C662DC722}.Release|Any CPU.Build.0 = Release|Any CPU
		{930ED7E3-2D38-44F7-B5D7-87F288013BE9}.Debug|Any CPU.ActiveCfg = Debug|Any CPU
		{930ED7E3-2D38-44F7-B5D7-87F288013BE9}.Debug|Any CPU.Build.0 = Debug|Any CPU
		{930ED7E3-2D38-44F7-B5D7-87F288013BE9}.Release|Any CPU.ActiveCfg = Release|Any CPU
		{930ED7E3-2D38-44F7-B5D7-87F288013BE9}.Release|Any CPU.Build.0 = Release|Any CPU
	EndGlobalSection
	GlobalSection(SolutionProperties) = preSolution
		HideSolutionNode = FALSE
	EndGlobalSection
EndGlobal
