
Microsoft Visual Studio Solution File, Format Version 12.00
# Visual Studio 14
VisualStudioVersion = 14.0.25123.0
MinimumVisualStudioVersion = 10.0.40219.1
Project("{2150E333-8FDC-42A3-9474-1A3956D46DE8}") = "src", "src", "{0ECB32CA-7F71-473B-AC72-F9072521E666}"
EndProject
Project("{2150E333-8FDC-42A3-9474-1A3956D46DE8}") = "Solution Items", "Solution Items", "{96246EC4-98EC-49C4-A625-254999330C20}"
	ProjectSection(SolutionItems) = preProject
		global.json = global.json
	EndProjectSection
EndProject
Project("{8BB2217D-0F2D-49D1-97BC-3654ED321F3B}") = "AOS", "src\AOS\AOS.xproj", "{06C6624D-3B47-4739-BF20-36D63CCFD56D}"
EndProject
Project("{2150E333-8FDC-42A3-9474-1A3956D46DE8}") = "Collections_Arrays", "Collections_Arrays", "{54AB0FAE-8694-4E3A-8FB9-A8A777D6F998}"
EndProject
Project("{8BB2217D-0F2D-49D1-97BC-3654ED321F3B}") = "Collections_Arrays_Demo", "Collections_Arrays_Demo\Collections_Arrays_Demo.xproj", "{3F63E690-04AA-43B5-B6BE-4BF615B0FF2F}"
EndProject
Project("{2150E333-8FDC-42A3-9474-1A3956D46DE8}") = "Collections_Dictionaries", "Collections_Dictionaries", "{82940634-31CA-412C-BF9B-D690403FBB6C}"
EndProject
Project("{8BB2217D-0F2D-49D1-97BC-3654ED321F3B}") = "Collections_Dictionaries_Demo", "Collections_Dictionaries_Demo\Collections_Dictionaries_Demo.xproj", "{B8F1637F-4404-4EF0-9F0C-885E056BE18D}"
EndProject
Project("{2150E333-8FDC-42A3-9474-1A3956D46DE8}") = "Enums", "Enums", "{FD2A4592-9E60-489A-AB04-4C1BB21956B0}"
EndProject
Project("{8BB2217D-0F2D-49D1-97BC-3654ED321F3B}") = "Enums", "Enums\Enums\Enums.xproj", "{09DEE5C1-465D-4DF7-AE68-298A0E94BC10}"
EndProject
Global
	GlobalSection(SolutionConfigurationPlatforms) = preSolution
		Debug|Any CPU = Debug|Any CPU
		Release|Any CPU = Release|Any CPU
	EndGlobalSection
	GlobalSection(ProjectConfigurationPlatforms) = postSolution
		{06C6624D-3B47-4739-BF20-36D63CCFD56D}.Debug|Any CPU.ActiveCfg = Debug|Any CPU
		{06C6624D-3B47-4739-BF20-36D63CCFD56D}.Debug|Any CPU.Build.0 = Debug|Any CPU
		{06C6624D-3B47-4739-BF20-36D63CCFD56D}.Release|Any CPU.ActiveCfg = Release|Any CPU
		{06C6624D-3B47-4739-BF20-36D63CCFD56D}.Release|Any CPU.Build.0 = Release|Any CPU
		{3F63E690-04AA-43B5-B6BE-4BF615B0FF2F}.Debug|Any CPU.ActiveCfg = Debug|Any CPU
		{3F63E690-04AA-43B5-B6BE-4BF615B0FF2F}.Debug|Any CPU.Build.0 = Debug|Any CPU
		{3F63E690-04AA-43B5-B6BE-4BF615B0FF2F}.Release|Any CPU.ActiveCfg = Release|Any CPU
		{3F63E690-04AA-43B5-B6BE-4BF615B0FF2F}.Release|Any CPU.Build.0 = Release|Any CPU
		{B8F1637F-4404-4EF0-9F0C-885E056BE18D}.Debug|Any CPU.ActiveCfg = Debug|Any CPU
		{B8F1637F-4404-4EF0-9F0C-885E056BE18D}.Debug|Any CPU.Build.0 = Debug|Any CPU
		{B8F1637F-4404-4EF0-9F0C-885E056BE18D}.Release|Any CPU.ActiveCfg = Release|Any CPU
		{B8F1637F-4404-4EF0-9F0C-885E056BE18D}.Release|Any CPU.Build.0 = Release|Any CPU
		{09DEE5C1-465D-4DF7-AE68-298A0E94BC10}.Debug|Any CPU.ActiveCfg = Debug|Any CPU
		{09DEE5C1-465D-4DF7-AE68-298A0E94BC10}.Debug|Any CPU.Build.0 = Debug|Any CPU
		{09DEE5C1-465D-4DF7-AE68-298A0E94BC10}.Release|Any CPU.ActiveCfg = Release|Any CPU
		{09DEE5C1-465D-4DF7-AE68-298A0E94BC10}.Release|Any CPU.Build.0 = Release|Any CPU
	EndGlobalSection
	GlobalSection(SolutionProperties) = preSolution
		HideSolutionNode = FALSE
	EndGlobalSection
	GlobalSection(NestedProjects) = preSolution
		{06C6624D-3B47-4739-BF20-36D63CCFD56D} = {0ECB32CA-7F71-473B-AC72-F9072521E666}
		{3F63E690-04AA-43B5-B6BE-4BF615B0FF2F} = {54AB0FAE-8694-4E3A-8FB9-A8A777D6F998}
		{B8F1637F-4404-4EF0-9F0C-885E056BE18D} = {82940634-31CA-412C-BF9B-D690403FBB6C}
		{09DEE5C1-465D-4DF7-AE68-298A0E94BC10} = {FD2A4592-9E60-489A-AB04-4C1BB21956B0}
	EndGlobalSection
EndGlobal
